
Microsoft Visual Studio Solution File, Format Version 12.00
# Visual Studio Version 17
VisualStudioVersion = 17.5.002.0
MinimumVisualStudioVersion = 10.0.40219.1
Project("{9A19103F-16F7-4668-BE54-9A1E7A4F7556}") = "C#_ Project", "C#_ Project.csproj", "{74488BD6-8672-4A4A-9272-BD3A402E356A}"
EndProject
Global
	GlobalSection(SolutionConfigurationPlatforms) = preSolution
		Debug|Any CPU = Debug|Any CPU
		Release|Any CPU = Release|Any CPU
	EndGlobalSection
	GlobalSection(ProjectConfigurationPlatforms) = postSolution
		{74488BD6-8672-4A4A-9272-BD3A402E356A}.Debug|Any CPU.ActiveCfg = Debug|Any CPU
		{74488BD6-8672-4A4A-9272-BD3A402E356A}.Debug|Any CPU.Build.0 = Debug|Any CPU
		{74488BD6-8672-4A4A-9272-BD3A402E356A}.Release|Any CPU.ActiveCfg = Release|Any CPU
		{74488BD6-8672-4A4A-9272-BD3A402E356A}.Release|Any CPU.Build.0 = Release|Any CPU
	EndGlobalSection
	GlobalSection(SolutionProperties) = preSolution
		HideSolutionNode = FALSE
	EndGlobalSection
	GlobalSection(ExtensibilityGlobals) = postSolution
		SolutionGuid = {8217F0AD-A28D-4080-9583-23714E60CBE5}
	EndGlobalSection
EndGlobal
